
Microsoft Visual Studio Solution File, Format Version 12.00
# Visual Studio Version 17
VisualStudioVersion = 17.7.34031.279
MinimumVisualStudioVersion = 10.0.40219.1
Project("{FAE04EC0-301F-11D3-BF4B-00C04F79EFBC}") = "EnglishApp", "exams_program\EnglishApp.csproj", "{94C37822-278F-41EF-B0EC-3EC1F504ABFF}"
EndProject
Global
	GlobalSection(SolutionConfigurationPlatforms) = preSolution
		Debug|Any CPU = Debug|Any CPU
		Release|Any CPU = Release|Any CPU
	EndGlobalSection
	GlobalSection(ProjectConfigurationPlatforms) = postSolution
		{94C37822-278F-41EF-B0EC-3EC1F504ABFF}.Debug|Any CPU.ActiveCfg = Debug|Any CPU
		{94C37822-278F-41EF-B0EC-3EC1F504ABFF}.Debug|Any CPU.Build.0 = Debug|Any CPU
		{94C37822-278F-41EF-B0EC-3EC1F504ABFF}.Release|Any CPU.ActiveCfg = Release|Any CPU
		{94C37822-278F-41EF-B0EC-3EC1F504ABFF}.Release|Any CPU.Build.0 = Release|Any CPU
	EndGlobalSection
	GlobalSection(SolutionProperties) = preSolution
		HideSolutionNode = FALSE
	EndGlobalSection
	GlobalSection(ExtensibilityGlobals) = postSolution
		SolutionGuid = {B1C397FF-4509-4CC4-806C-56C37E8431D0}
	EndGlobalSection
EndGlobal
